
Microsoft Visual Studio Solution File, Format Version 11.00
# Visual Studio 2010
# SharpDevelop 4.3
Project("{FAE04EC0-301F-11D3-BF4B-00C04F79EFBC}") = "DataLinq", "DataLinq\DataLinq.csproj", "{C2270726-8DA0-4361-B255-09DFCFF77F2A}"
EndProject
Global
	GlobalSection(SolutionConfigurationPlatforms) = preSolution
		Debug|Any CPU = Debug|Any CPU
		Release|Any CPU = Release|Any CPU
	EndGlobalSection
	GlobalSection(ProjectConfigurationPlatforms) = postSolution
		{C2270726-8DA0-4361-B255-09DFCFF77F2A}.Debug|Any CPU.Build.0 = Debug|Any CPU
		{C2270726-8DA0-4361-B255-09DFCFF77F2A}.Debug|Any CPU.ActiveCfg = Debug|Any CPU
		{C2270726-8DA0-4361-B255-09DFCFF77F2A}.Release|Any CPU.Build.0 = Release|Any CPU
		{C2270726-8DA0-4361-B255-09DFCFF77F2A}.Release|Any CPU.ActiveCfg = Release|Any CPU
	EndGlobalSection
EndGlobal
